
Microsoft Visual Studio Solution File, Format Version 12.00
# Visual Studio Version 17
VisualStudioVersion = 17.8.34525.116
MinimumVisualStudioVersion = 10.0.40219.1
Project("{9A19103F-16F7-4668-BE54-9A1E7A4F7556}") = "Mawo.EKiosk.Test", "Mawo.EKiosk.Test\Mawo.EKiosk.Test.csproj", "{DC49D3DA-DAE4-4FC4-9A1B-631ABE0FE7D3}"
EndProject
Project("{FAE04EC0-301F-11D3-BF4B-00C04F79EFBC}") = "Mawo.EKiosk.Test.Server", "Mawo.EKiosk.Test.Server\Mawo.EKiosk.Test.Server.csproj", "{4A8A5B82-E5DC-4CD0-A0D0-AD048722C76D}"
EndProject
Global
	GlobalSection(SolutionConfigurationPlatforms) = preSolution
		Debug|Any CPU = Debug|Any CPU
		Release|Any CPU = Release|Any CPU
	EndGlobalSection
	GlobalSection(ProjectConfigurationPlatforms) = postSolution
		{DC49D3DA-DAE4-4FC4-9A1B-631ABE0FE7D3}.Debug|Any CPU.ActiveCfg = Debug|Any CPU
		{DC49D3DA-DAE4-4FC4-9A1B-631ABE0FE7D3}.Debug|Any CPU.Build.0 = Debug|Any CPU
		{DC49D3DA-DAE4-4FC4-9A1B-631ABE0FE7D3}.Release|Any CPU.ActiveCfg = Release|Any CPU
		{DC49D3DA-DAE4-4FC4-9A1B-631ABE0FE7D3}.Release|Any CPU.Build.0 = Release|Any CPU
		{4A8A5B82-E5DC-4CD0-A0D0-AD048722C76D}.Debug|Any CPU.ActiveCfg = Debug|Any CPU
		{4A8A5B82-E5DC-4CD0-A0D0-AD048722C76D}.Debug|Any CPU.Build.0 = Debug|Any CPU
		{4A8A5B82-E5DC-4CD0-A0D0-AD048722C76D}.Release|Any CPU.ActiveCfg = Release|Any CPU
		{4A8A5B82-E5DC-4CD0-A0D0-AD048722C76D}.Release|Any CPU.Build.0 = Release|Any CPU
	EndGlobalSection
	GlobalSection(SolutionProperties) = preSolution
		HideSolutionNode = FALSE
	EndGlobalSection
	GlobalSection(ExtensibilityGlobals) = postSolution
		SolutionGuid = {080BE0D9-59C8-4AB2-8E23-5CBABA67DC39}
	EndGlobalSection
EndGlobal
